
Microsoft Visual Studio Solution File, Format Version 12.00
# Visual Studio Version 16
VisualStudioVersion = 16.0.33328.57
MinimumVisualStudioVersion = 10.0.40219.1
Project("{9A19103F-16F7-4668-BE54-9A1E7A4F7556}") = "VehiclesSw.Common", "VehiclesSw.Common\VehiclesSw.Common.csproj", "{322B81D1-1446-4BCA-AD70-99F7F7F5F48F}"
	ProjectSection(ProjectDependencies) = postProject
		{33553C96-6953-4D3B-8D7A-485588B76DFC} = {33553C96-6953-4D3B-8D7A-485588B76DFC}
	EndProjectSection
EndProject
Project("{9A19103F-16F7-4668-BE54-9A1E7A4F7556}") = "VehiclesSw.API", "VehiclesSw.API\VehiclesSw.API.csproj", "{33553C96-6953-4D3B-8D7A-485588B76DFC}"
EndProject
Global
	GlobalSection(SolutionConfigurationPlatforms) = preSolution
		Debug|Any CPU = Debug|Any CPU
		Release|Any CPU = Release|Any CPU
	EndGlobalSection
	GlobalSection(ProjectConfigurationPlatforms) = postSolution
		{322B81D1-1446-4BCA-AD70-99F7F7F5F48F}.Debug|Any CPU.ActiveCfg = Debug|Any CPU
		{322B81D1-1446-4BCA-AD70-99F7F7F5F48F}.Debug|Any CPU.Build.0 = Debug|Any CPU
		{322B81D1-1446-4BCA-AD70-99F7F7F5F48F}.Release|Any CPU.ActiveCfg = Release|Any CPU
		{322B81D1-1446-4BCA-AD70-99F7F7F5F48F}.Release|Any CPU.Build.0 = Release|Any CPU
		{33553C96-6953-4D3B-8D7A-485588B76DFC}.Debug|Any CPU.ActiveCfg = Debug|Any CPU
		{33553C96-6953-4D3B-8D7A-485588B76DFC}.Debug|Any CPU.Build.0 = Debug|Any CPU
		{33553C96-6953-4D3B-8D7A-485588B76DFC}.Release|Any CPU.ActiveCfg = Release|Any CPU
		{33553C96-6953-4D3B-8D7A-485588B76DFC}.Release|Any CPU.Build.0 = Release|Any CPU
	EndGlobalSection
	GlobalSection(SolutionProperties) = preSolution
		HideSolutionNode = FALSE
	EndGlobalSection
	GlobalSection(ExtensibilityGlobals) = postSolution
		SolutionGuid = {D683AC26-B179-44CC-8549-841491FAB82D}
	EndGlobalSection
EndGlobal
